{
  "name": "@jeba/auditplus-site",
  "version": "1.0.0",
  "lockfileVersion": 1,
  "requires": true,
  "dependencies": {
    "@estherjeba/auditplus-site": {
      "version": "1.0.0",
      "resolved": "https://npm.pkg.github.com/download/@estherjeba/auditplus-site/1.0.0/26d19bc87618b2a0d46ea58cf53a924565f871b5e3e8c6c23bee7db9f96e9eae",
      "integrity": "sha512-XKSZ+04GjTe4vL5klkq0adURUNJWvHAkAlGkE8GBAU1m0tCBnb9x1js4kPC+2POiapNjGevCHVM9THB7S/+fOg==",
      "requires": {
        "jquery": "^3.4.1"
      }
    },
    "jquery": {
      "version": "3.5.0",
      "resolved": "https://registry.npmjs.org/jquery/-/jquery-3.5.0.tgz",
      "integrity": "sha512-Xb7SVYMvygPxbFMpTFQiHh1J7HClEaThguL15N/Gg37Lri/qKyhRGZYzHRyLH8Stq3Aow0LsHO2O2ci86fCrNQ=="
    }
  }
}
